
Microsoft Visual Studio Solution File, Format Version 12.00
# Visual Studio 14
VisualStudioVersion = 14.0.23107.0
MinimumVisualStudioVersion = 10.0.40219.1
Project("{FAE04EC0-301F-11D3-BF4B-00C04F79EFBC}") = "ConsoleAppEX9", "ConsoleAppEX9\ConsoleAppEX9.csproj", "{146C8AA5-AC4D-4676-82B6-B62D762544E4}"
EndProject
Global
	GlobalSection(SolutionConfigurationPlatforms) = preSolution
		Debug|Any CPU = Debug|Any CPU
		Release|Any CPU = Release|Any CPU
	EndGlobalSection
	GlobalSection(ProjectConfigurationPlatforms) = postSolution
		{146C8AA5-AC4D-4676-82B6-B62D762544E4}.Debug|Any CPU.ActiveCfg = Debug|Any CPU
		{146C8AA5-AC4D-4676-82B6-B62D762544E4}.Debug|Any CPU.Build.0 = Debug|Any CPU
		{146C8AA5-AC4D-4676-82B6-B62D762544E4}.Release|Any CPU.ActiveCfg = Release|Any CPU
		{146C8AA5-AC4D-4676-82B6-B62D762544E4}.Release|Any CPU.Build.0 = Release|Any CPU
	EndGlobalSection
	GlobalSection(SolutionProperties) = preSolution
		HideSolutionNode = FALSE
	EndGlobalSection
EndGlobal
