
Microsoft Visual Studio Solution File, Format Version 11.00
# Visual C# Express 2010
Project("{FAE04EC0-301F-11D3-BF4B-00C04F79EFBC}") = "ConsoleAppp_PESQUISA", "ConsoleAppp_PESQUISA\ConsoleAppp_PESQUISA.csproj", "{28A7084B-BBF7-4CCC-AFDF-6C1355E1258D}"
EndProject
Global
	GlobalSection(SolutionConfigurationPlatforms) = preSolution
		Debug|x86 = Debug|x86
		Release|x86 = Release|x86
	EndGlobalSection
	GlobalSection(ProjectConfigurationPlatforms) = postSolution
		{28A7084B-BBF7-4CCC-AFDF-6C1355E1258D}.Debug|x86.ActiveCfg = Debug|x86
		{28A7084B-BBF7-4CCC-AFDF-6C1355E1258D}.Debug|x86.Build.0 = Debug|x86
		{28A7084B-BBF7-4CCC-AFDF-6C1355E1258D}.Release|x86.ActiveCfg = Release|x86
		{28A7084B-BBF7-4CCC-AFDF-6C1355E1258D}.Release|x86.Build.0 = Release|x86
	EndGlobalSection
	GlobalSection(SolutionProperties) = preSolution
		HideSolutionNode = FALSE
	EndGlobalSection
EndGlobal
