
Microsoft Visual Studio Solution File, Format Version 12.00
# Visual Studio 14
VisualStudioVersion = 14.0.23107.0
MinimumVisualStudioVersion = 10.0.40219.1
Project("{FAE04EC0-301F-11D3-BF4B-00C04F79EFBC}") = "WindowsFormsApp_Protocolo", "WindowsFormsApp_Protocolo\WindowsFormsApp_Protocolo.csproj", "{2464B4FD-FE68-4060-864F-879FC4C2FE6E}"
EndProject
Global
	GlobalSection(SolutionConfigurationPlatforms) = preSolution
		Debug|Any CPU = Debug|Any CPU
		Release|Any CPU = Release|Any CPU
	EndGlobalSection
	GlobalSection(ProjectConfigurationPlatforms) = postSolution
		{2464B4FD-FE68-4060-864F-879FC4C2FE6E}.Debug|Any CPU.ActiveCfg = Debug|Any CPU
		{2464B4FD-FE68-4060-864F-879FC4C2FE6E}.Debug|Any CPU.Build.0 = Debug|Any CPU
		{2464B4FD-FE68-4060-864F-879FC4C2FE6E}.Release|Any CPU.ActiveCfg = Release|Any CPU
		{2464B4FD-FE68-4060-864F-879FC4C2FE6E}.Release|Any CPU.Build.0 = Release|Any CPU
	EndGlobalSection
	GlobalSection(SolutionProperties) = preSolution
		HideSolutionNode = FALSE
	EndGlobalSection
EndGlobal
